
Microsoft Visual Studio Solution File, Format Version 12.00
# Visual Studio Version 16
VisualStudioVersion = 16.0.33423.256
MinimumVisualStudioVersion = 10.0.40219.1
Project("{FAE04EC0-301F-11D3-BF4B-00C04F79EFBC}") = "vili", "vili\vili.csproj", "{E4B5DFA4-976E-413F-8572-6893B06D67CE}"
EndProject
Global
	GlobalSection(SolutionConfigurationPlatforms) = preSolution
		Debug|Any CPU = Debug|Any CPU
		Release|Any CPU = Release|Any CPU
	EndGlobalSection
	GlobalSection(ProjectConfigurationPlatforms) = postSolution
		{E4B5DFA4-976E-413F-8572-6893B06D67CE}.Debug|Any CPU.ActiveCfg = Debug|Any CPU
		{E4B5DFA4-976E-413F-8572-6893B06D67CE}.Debug|Any CPU.Build.0 = Debug|Any CPU
		{E4B5DFA4-976E-413F-8572-6893B06D67CE}.Release|Any CPU.ActiveCfg = Release|Any CPU
		{E4B5DFA4-976E-413F-8572-6893B06D67CE}.Release|Any CPU.Build.0 = Release|Any CPU
	EndGlobalSection
	GlobalSection(SolutionProperties) = preSolution
		HideSolutionNode = FALSE
	EndGlobalSection
	GlobalSection(ExtensibilityGlobals) = postSolution
		SolutionGuid = {C1015129-B269-4B82-A816-9505A27BD305}
	EndGlobalSection
EndGlobal
